
Microsoft Visual Studio Solution File, Format Version 12.00
# Visual Studio 2012
Project("{FAE04EC0-301F-11D3-BF4B-00C04F79EFBC}") = "QL_HocVien", "QL_HocVien\QL_HocVien.csproj", "{9F9F0A4C-7EEF-4965-891C-FE52F1FD99E6}"
EndProject
Project("{FAE04EC0-301F-11D3-BF4B-00C04F79EFBC}") = "FormControl", "FormControl\FormControl.csproj", "{F20AAFD6-C545-41DE-9687-97F3517A4B99}"
EndProject
Project("{FAE04EC0-301F-11D3-BF4B-00C04F79EFBC}") = "BLL_DAL", "BLL_DAL\BLL_DAL.csproj", "{38D61EB4-348A-4B8E-9326-EE23F9B5860F}"
EndProject
Global
	GlobalSection(SolutionConfigurationPlatforms) = preSolution
		Debug|Any CPU = Debug|Any CPU
		Release|Any CPU = Release|Any CPU
	EndGlobalSection
	GlobalSection(ProjectConfigurationPlatforms) = postSolution
		{9F9F0A4C-7EEF-4965-891C-FE52F1FD99E6}.Debug|Any CPU.ActiveCfg = Debug|Any CPU
		{9F9F0A4C-7EEF-4965-891C-FE52F1FD99E6}.Debug|Any CPU.Build.0 = Debug|Any CPU
		{9F9F0A4C-7EEF-4965-891C-FE52F1FD99E6}.Release|Any CPU.ActiveCfg = Release|Any CPU
		{9F9F0A4C-7EEF-4965-891C-FE52F1FD99E6}.Release|Any CPU.Build.0 = Release|Any CPU
		{F20AAFD6-C545-41DE-9687-97F3517A4B99}.Debug|Any CPU.ActiveCfg = Debug|Any CPU
		{F20AAFD6-C545-41DE-9687-97F3517A4B99}.Debug|Any CPU.Build.0 = Debug|Any CPU
		{F20AAFD6-C545-41DE-9687-97F3517A4B99}.Release|Any CPU.ActiveCfg = Release|Any CPU
		{F20AAFD6-C545-41DE-9687-97F3517A4B99}.Release|Any CPU.Build.0 = Release|Any CPU
		{38D61EB4-348A-4B8E-9326-EE23F9B5860F}.Debug|Any CPU.ActiveCfg = Debug|Any CPU
		{38D61EB4-348A-4B8E-9326-EE23F9B5860F}.Debug|Any CPU.Build.0 = Debug|Any CPU
		{38D61EB4-348A-4B8E-9326-EE23F9B5860F}.Release|Any CPU.ActiveCfg = Release|Any CPU
		{38D61EB4-348A-4B8E-9326-EE23F9B5860F}.Release|Any CPU.Build.0 = Release|Any CPU
	EndGlobalSection
	GlobalSection(SolutionProperties) = preSolution
		HideSolutionNode = FALSE
	EndGlobalSection
EndGlobal
